{
  "name": "solitaire",
  "version": "1.0.0",
  "lockfileVersion": 3,
  "requires": true,
  "packages": {
    "": {
      "name": "solitaire",
      "version": "1.0.0",
      "license": "ISC",
      "dependencies": {
        "fairygui-cc": "^1.2.2"
      }
    },
    "node_modules/@types/node": {
      "version": "14.18.63",
      "resolved": "https://registry.npmjs.org/@types/node/-/node-14.18.63.tgz",
      "integrity": "sha512-fAtCfv4jJg+ExtXhvCkCqUKZ+4ok/JQk01qDKhL5BDDoS3AxKXhV5/MAVUZyQnSEd2GT92fkgZl0pz0Q0AzcIQ==",
      "license": "MIT"
    },
    "node_modules/fairygui-cc": {
      "version": "1.2.2",
      "resolved": "https://registry.npmjs.org/fairygui-cc/-/fairygui-cc-1.2.2.tgz",
      "integrity": "sha512-hDxK6xtr8AcTerhJUUe7Hg6i8DiFhvcF/+lOKONRFTlRaPxXtvydzllwchse5ZHqc20oTtNU6aEQ2HG4YZM4Yg==",
      "license": "MIT",
      "dependencies": {
        "@types/node": "^14.0.1",
        "lodash": "^4.17.15"
      }
    },
    "node_modules/lodash": {
      "version": "4.17.23",
      "resolved": "https://registry.npmjs.org/lodash/-/lodash-4.17.23.tgz",
      "integrity": "sha512-LgVTMpQtIopCi79SJeDiP0TfWi5CNEc/L/aRdTh3yIvmZXTnheWpKjSZhnvMl8iXbC1tFg9gdHHDMLoV7CnG+w==",
      "license": "MIT"
    }
  }
}
